
Microsoft Visual Studio Solution File, Format Version 12.00
# Visual Studio Version 17
VisualStudioVersion = 17.3.32929.385
MinimumVisualStudioVersion = 10.0.40219.1
Project("{FAE04EC0-301F-11D3-BF4B-00C04F79EFBC}") = "Implemetations2", "Implemetations2.csproj", "{6E678416-F67C-40B1-8A48-7425E379A69D}"
EndProject
Global
	GlobalSection(SolutionConfigurationPlatforms) = preSolution
		Debug|Any CPU = Debug|Any CPU
		Release|Any CPU = Release|Any CPU
	EndGlobalSection
	GlobalSection(ProjectConfigurationPlatforms) = postSolution
		{6E678416-F67C-40B1-8A48-7425E379A69D}.Debug|Any CPU.ActiveCfg = Debug|Any CPU
		{6E678416-F67C-40B1-8A48-7425E379A69D}.Debug|Any CPU.Build.0 = Debug|Any CPU
		{6E678416-F67C-40B1-8A48-7425E379A69D}.Release|Any CPU.ActiveCfg = Release|Any CPU
		{6E678416-F67C-40B1-8A48-7425E379A69D}.Release|Any CPU.Build.0 = Release|Any CPU
	EndGlobalSection
	GlobalSection(SolutionProperties) = preSolution
		HideSolutionNode = FALSE
	EndGlobalSection
	GlobalSection(ExtensibilityGlobals) = postSolution
		SolutionGuid = {E170F603-29F7-47FE-9A56-70277FB26F98}
	EndGlobalSection
EndGlobal
