
Microsoft Visual Studio Solution File, Format Version 12.00
# Visual Studio Version 17
VisualStudioVersion = 17.3.32929.385
MinimumVisualStudioVersion = 10.0.40219.1
Project("{9A19103F-16F7-4668-BE54-9A1E7A4F7556}") = "Implementations", "Implementations.csproj", "{78D49B8D-78D5-4388-9E8A-3EDE61585738}"
EndProject
Project("{9A19103F-16F7-4668-BE54-9A1E7A4F7556}") = "DataLayer", "..\DataLayer\DataLayer.csproj", "{EAD79973-0469-456E-9D26-DE51D2912958}"
EndProject
Project("{9A19103F-16F7-4668-BE54-9A1E7A4F7556}") = "BussinessLayer", "..\BussinessLayer\BussinessLayer.csproj", "{7EA3279B-6617-4FF5-9B04-C9DB7A64BE7D}"
EndProject
Project("{FAE04EC0-301F-11D3-BF4B-00C04F79EFBC}") = "MyDataStructures", "..\MyDataStructures\MyDataStructures.csproj", "{AE89650A-5128-41DB-97B3-D6606F6DCAF7}"
EndProject
Global
	GlobalSection(SolutionConfigurationPlatforms) = preSolution
		Debug|Any CPU = Debug|Any CPU
		Release|Any CPU = Release|Any CPU
	EndGlobalSection
	GlobalSection(ProjectConfigurationPlatforms) = postSolution
		{78D49B8D-78D5-4388-9E8A-3EDE61585738}.Debug|Any CPU.ActiveCfg = Debug|Any CPU
		{78D49B8D-78D5-4388-9E8A-3EDE61585738}.Debug|Any CPU.Build.0 = Debug|Any CPU
		{78D49B8D-78D5-4388-9E8A-3EDE61585738}.Release|Any CPU.ActiveCfg = Release|Any CPU
		{78D49B8D-78D5-4388-9E8A-3EDE61585738}.Release|Any CPU.Build.0 = Release|Any CPU
		{EAD79973-0469-456E-9D26-DE51D2912958}.Debug|Any CPU.ActiveCfg = Debug|Any CPU
		{EAD79973-0469-456E-9D26-DE51D2912958}.Debug|Any CPU.Build.0 = Debug|Any CPU
		{EAD79973-0469-456E-9D26-DE51D2912958}.Release|Any CPU.ActiveCfg = Release|Any CPU
		{EAD79973-0469-456E-9D26-DE51D2912958}.Release|Any CPU.Build.0 = Release|Any CPU
		{7EA3279B-6617-4FF5-9B04-C9DB7A64BE7D}.Debug|Any CPU.ActiveCfg = Debug|Any CPU
		{7EA3279B-6617-4FF5-9B04-C9DB7A64BE7D}.Debug|Any CPU.Build.0 = Debug|Any CPU
		{7EA3279B-6617-4FF5-9B04-C9DB7A64BE7D}.Release|Any CPU.ActiveCfg = Release|Any CPU
		{7EA3279B-6617-4FF5-9B04-C9DB7A64BE7D}.Release|Any CPU.Build.0 = Release|Any CPU
		{AE89650A-5128-41DB-97B3-D6606F6DCAF7}.Debug|Any CPU.ActiveCfg = Debug|Any CPU
		{AE89650A-5128-41DB-97B3-D6606F6DCAF7}.Debug|Any CPU.Build.0 = Debug|Any CPU
		{AE89650A-5128-41DB-97B3-D6606F6DCAF7}.Release|Any CPU.ActiveCfg = Release|Any CPU
		{AE89650A-5128-41DB-97B3-D6606F6DCAF7}.Release|Any CPU.Build.0 = Release|Any CPU
	EndGlobalSection
	GlobalSection(SolutionProperties) = preSolution
		HideSolutionNode = FALSE
	EndGlobalSection
	GlobalSection(ExtensibilityGlobals) = postSolution
		SolutionGuid = {66B26A4E-716A-424E-B3B3-A5B833F161C7}
	EndGlobalSection
EndGlobal
